// !$*UTF8*$!
{
	archiveVersion = 1;
	classes = {
	};
	objectVersion = 56;
	objects = {

/* Begin PBXBuildFile section */
		19204CDF29E469E6007CD6BB /* Assets.xcassets in Resources */ = {isa = PBXBuildFile; fileRef = 19204CDE29E469E6007CD6BB /* Assets.xcassets */; };
		19204CE329E469E6007CD6BB /* Preview Assets.xcassets in Resources */ = {isa = PBXBuildFile; fileRef = 19204CE229E469E6007CD6BB /* Preview Assets.xcassets */; };
		19204CED29E469E7007CD6BB /* TestingIOSAppTests.swift in Sources */ = {isa = PBXBuildFile; fileRef = 19204CEC29E469E7007CD6BB /* TestingIOSAppTests.swift */; };
		19204CF729E469E7007CD6BB /* TestingIOSAppUITests.swift in Sources */ = {isa = PBXBuildFile; fileRef = 19204CF629E469E7007CD6BB /* TestingIOSAppUITests.swift */; };
		19204CF929E469E7007CD6BB /* TestingIOSAppUITestsLaunchTests.swift in Sources */ = {isa = PBXBuildFile; fileRef = 19204CF829E469E7007CD6BB /* TestingIOSAppUITestsLaunchTests.swift */; };
		196C269329E6592700F6DBFB /* CustomInterceptor.swift in Sources */ = {isa = PBXBuildFile; fileRef = 196C269229E6592700F6DBFB /* CustomInterceptor.swift */; };
		196C269629E68D1F00F6DBFB /* ViewExtension.swift in Sources */ = {isa = PBXBuildFile; fileRef = 196C269529E68D1F00F6DBFB /* ViewExtension.swift */; };
		196C269829E68E6D00F6DBFB /* loader.json in Resources */ = {isa = PBXBuildFile; fileRef = 196C269729E68E6D00F6DBFB /* loader.json */; };
		196C269A29E6929F00F6DBFB /* loader2.json in Resources */ = {isa = PBXBuildFile; fileRef = 196C269929E6929F00F6DBFB /* loader2.json */; };
		196C269C29E692A700F6DBFB /* loader3.json in Resources */ = {isa = PBXBuildFile; fileRef = 196C269B29E692A700F6DBFB /* loader3.json */; };
		196C269E29E692AE00F6DBFB /* loader4.json in Resources */ = {isa = PBXBuildFile; fileRef = 196C269D29E692AE00F6DBFB /* loader4.json */; };
		1971D50029E494DE005205B5 /* MainView.swift in Sources */ = {isa = PBXBuildFile; fileRef = 1971D4FA29E494DE005205B5 /* MainView.swift */; };
		1971D50129E494DE005205B5 /* SplashScreenView.swift in Sources */ = {isa = PBXBuildFile; fileRef = 1971D4FB29E494DE005205B5 /* SplashScreenView.swift */; };
		1971D50329E494DE005205B5 /* EnvironmentConstants.swift in Sources */ = {isa = PBXBuildFile; fileRef = 1971D4FD29E494DE005205B5 /* EnvironmentConstants.swift */; };
		1971D50B29E497B8005205B5 /* planets.json in Resources */ = {isa = PBXBuildFile; fileRef = 1971D50A29E497B8005205B5 /* planets.json */; };
		1971D51129E497F5005205B5 /* CallingAnAPI.swift in Sources */ = {isa = PBXBuildFile; fileRef = 1971D51029E497F5005205B5 /* CallingAnAPI.swift */; };
		1971D51429E49802005205B5 /* RandomUserModel.swift in Sources */ = {isa = PBXBuildFile; fileRef = 1971D51329E49802005205B5 /* RandomUserModel.swift */; };
		1971D51629E498B5005205B5 /* LottieView.swift in Sources */ = {isa = PBXBuildFile; fileRef = 1971D51529E498B5005205B5 /* LottieView.swift */; };
		1971D51829E498BB005205B5 /* NavigationManagerView.swift in Sources */ = {isa = PBXBuildFile; fileRef = 1971D51729E498BB005205B5 /* NavigationManagerView.swift */; };
		1971D51A29E498BE005205B5 /* NavigationRoutes.swift in Sources */ = {isa = PBXBuildFile; fileRef = 1971D51929E498BE005205B5 /* NavigationRoutes.swift */; };
		1971D51D29E49B40005205B5 /* Alamofire in Frameworks */ = {isa = PBXBuildFile; productRef = 1971D51C29E49B40005205B5 /* Alamofire */; };
		1971D52029E49B53005205B5 /* Lottie in Frameworks */ = {isa = PBXBuildFile; productRef = 1971D51F29E49B53005205B5 /* Lottie */; };
		1971D52229E49CD6005205B5 /* TestingIOSAppApp.swift in Sources */ = {isa = PBXBuildFile; fileRef = 1971D52129E49CD2005205B5 /* TestingIOSAppApp.swift */; };
		19A3151429E60C5000612E9F /* RandomUserView.swift in Sources */ = {isa = PBXBuildFile; fileRef = 19A3151329E60C5000612E9F /* RandomUserView.swift */; };
		19A3151729E611EA00612E9F /* Kingfisher in Frameworks */ = {isa = PBXBuildFile; productRef = 19A3151629E611EA00612E9F /* Kingfisher */; };
		19A3151A29E612B300612E9F /* RandomUserViewModel.swift in Sources */ = {isa = PBXBuildFile; fileRef = 19A3151929E612B300612E9F /* RandomUserViewModel.swift */; };
		19A3151D29E61B1300612E9F /* RandomUserConstants.swift in Sources */ = {isa = PBXBuildFile; fileRef = 19A3151C29E61B1300612E9F /* RandomUserConstants.swift */; };
		6F0C496C1349EA34D37A3110 /* Pods_TestingIOSApp.framework in Frameworks */ = {isa = PBXBuildFile; fileRef = 7109D9580A17D08233EC983F /* Pods_TestingIOSApp.framework */; };
		7D8026DF1C94C6C8E4D5DF84 /* Pods_TestingIOSAppTests.framework in Frameworks */ = {isa = PBXBuildFile; fileRef = B83B7B00942D08B6E96E445D /* Pods_TestingIOSAppTests.framework */; };
		C3529FF9FEDDB8FF5C2EBD6D /* Pods_TestingIOSApp_TestingIOSAppUITests.framework in Frameworks */ = {isa = PBXBuildFile; fileRef = 210507FDAA16929A631CF6E6 /* Pods_TestingIOSApp_TestingIOSAppUITests.framework */; };
/* End PBXBuildFile section */

/* Begin PBXContainerItemProxy section */
		19204CE929E469E6007CD6BB /* PBXContainerItemProxy */ = {
			isa = PBXContainerItemProxy;
			containerPortal = 19204CCF29E469E5007CD6BB /* Project object */;
			proxyType = 1;
			remoteGlobalIDString = 19204CD629E469E5007CD6BB;
			remoteInfo = TestingIOSApp;
		};
		19204CF329E469E7007CD6BB /* PBXContainerItemProxy */ = {
			isa = PBXContainerItemProxy;
			containerPortal = 19204CCF29E469E5007CD6BB /* Project object */;
			proxyType = 1;
			remoteGlobalIDString = 19204CD629E469E5007CD6BB;
			remoteInfo = TestingIOSApp;
		};
/* End PBXContainerItemProxy section */

/* Begin PBXFileReference section */
		19204CD729E469E5007CD6BB /* TestingIOSApp.app */ = {isa = PBXFileReference; explicitFileType = wrapper.application; includeInIndex = 0; path = TestingIOSApp.app; sourceTree = BUILT_PRODUCTS_DIR; };
		19204CDE29E469E6007CD6BB /* Assets.xcassets */ = {isa = PBXFileReference; lastKnownFileType = folder.assetcatalog; name = Assets.xcassets; path = ../Modules/Assets.xcassets; sourceTree = "<group>"; };
		19204CE029E469E6007CD6BB /* TestingIOSApp.entitlements */ = {isa = PBXFileReference; lastKnownFileType = text.plist.entitlements; path = TestingIOSApp.entitlements; sourceTree = "<group>"; };
		19204CE229E469E6007CD6BB /* Preview Assets.xcassets */ = {isa = PBXFileReference; lastKnownFileType = folder.assetcatalog; path = "Preview Assets.xcassets"; sourceTree = "<group>"; };
		19204CE829E469E6007CD6BB /* TestingIOSAppTests.xctest */ = {isa = PBXFileReference; explicitFileType = wrapper.cfbundle; includeInIndex = 0; path = TestingIOSAppTests.xctest; sourceTree = BUILT_PRODUCTS_DIR; };
		19204CEC29E469E7007CD6BB /* TestingIOSAppTests.swift */ = {isa = PBXFileReference; lastKnownFileType = sourcecode.swift; path = TestingIOSAppTests.swift; sourceTree = "<group>"; };
		19204CF229E469E7007CD6BB /* TestingIOSAppUITests.xctest */ = {isa = PBXFileReference; explicitFileType = wrapper.cfbundle; includeInIndex = 0; path = TestingIOSAppUITests.xctest; sourceTree = BUILT_PRODUCTS_DIR; };
		19204CF629E469E7007CD6BB /* TestingIOSAppUITests.swift */ = {isa = PBXFileReference; lastKnownFileType = sourcecode.swift; path = TestingIOSAppUITests.swift; sourceTree = "<group>"; };
		19204CF829E469E7007CD6BB /* TestingIOSAppUITestsLaunchTests.swift */ = {isa = PBXFileReference; lastKnownFileType = sourcecode.swift; path = TestingIOSAppUITestsLaunchTests.swift; sourceTree = "<group>"; };
		196C269229E6592700F6DBFB /* CustomInterceptor.swift */ = {isa = PBXFileReference; lastKnownFileType = sourcecode.swift; path = CustomInterceptor.swift; sourceTree = "<group>"; };
		196C269529E68D1F00F6DBFB /* ViewExtension.swift */ = {isa = PBXFileReference; lastKnownFileType = sourcecode.swift; path = ViewExtension.swift; sourceTree = "<group>"; };
		196C269729E68E6D00F6DBFB /* loader.json */ = {isa = PBXFileReference; fileEncoding = 4; lastKnownFileType = text.json; path = loader.json; sourceTree = "<group>"; };
		196C269929E6929F00F6DBFB /* loader2.json */ = {isa = PBXFileReference; fileEncoding = 4; lastKnownFileType = text.json; path = loader2.json; sourceTree = "<group>"; };
		196C269B29E692A700F6DBFB /* loader3.json */ = {isa = PBXFileReference; fileEncoding = 4; lastKnownFileType = text.json; path = loader3.json; sourceTree = "<group>"; };
		196C269D29E692AE00F6DBFB /* loader4.json */ = {isa = PBXFileReference; fileEncoding = 4; lastKnownFileType = text.json; path = loader4.json; sourceTree = "<group>"; };
		1971D4FA29E494DE005205B5 /* MainView.swift */ = {isa = PBXFileReference; fileEncoding = 4; lastKnownFileType = sourcecode.swift; path = MainView.swift; sourceTree = "<group>"; };
		1971D4FB29E494DE005205B5 /* SplashScreenView.swift */ = {isa = PBXFileReference; fileEncoding = 4; lastKnownFileType = sourcecode.swift; path = SplashScreenView.swift; sourceTree = "<group>"; };
		1971D4FD29E494DE005205B5 /* EnvironmentConstants.swift */ = {isa = PBXFileReference; fileEncoding = 4; lastKnownFileType = sourcecode.swift; path = EnvironmentConstants.swift; sourceTree = "<group>"; };
		1971D50A29E497B8005205B5 /* planets.json */ = {isa = PBXFileReference; fileEncoding = 4; lastKnownFileType = text.json; path = planets.json; sourceTree = "<group>"; };
		1971D51029E497F5005205B5 /* CallingAnAPI.swift */ = {isa = PBXFileReference; fileEncoding = 4; lastKnownFileType = sourcecode.swift; path = CallingAnAPI.swift; sourceTree = "<group>"; };
		1971D51329E49802005205B5 /* RandomUserModel.swift */ = {isa = PBXFileReference; fileEncoding = 4; lastKnownFileType = sourcecode.swift; path = RandomUserModel.swift; sourceTree = "<group>"; };
		1971D51529E498B5005205B5 /* LottieView.swift */ = {isa = PBXFileReference; fileEncoding = 4; lastKnownFileType = sourcecode.swift; path = LottieView.swift; sourceTree = "<group>"; };
		1971D51729E498BB005205B5 /* NavigationManagerView.swift */ = {isa = PBXFileReference; fileEncoding = 4; lastKnownFileType = sourcecode.swift; path = NavigationManagerView.swift; sourceTree = "<group>"; };
		1971D51929E498BE005205B5 /* NavigationRoutes.swift */ = {isa = PBXFileReference; lastKnownFileType = sourcecode.swift; path = NavigationRoutes.swift; sourceTree = "<group>"; };
		1971D52129E49CD2005205B5 /* TestingIOSAppApp.swift */ = {isa = PBXFileReference; lastKnownFileType = sourcecode.swift; path = TestingIOSAppApp.swift; sourceTree = "<group>"; };
		19A3151329E60C5000612E9F /* RandomUserView.swift */ = {isa = PBXFileReference; lastKnownFileType = sourcecode.swift; path = RandomUserView.swift; sourceTree = "<group>"; };
		19A3151929E612B300612E9F /* RandomUserViewModel.swift */ = {isa = PBXFileReference; lastKnownFileType = sourcecode.swift; path = RandomUserViewModel.swift; sourceTree = "<group>"; };
		19A3151C29E61B1300612E9F /* RandomUserConstants.swift */ = {isa = PBXFileReference; lastKnownFileType = sourcecode.swift; path = RandomUserConstants.swift; sourceTree = "<group>"; };
		210507FDAA16929A631CF6E6 /* Pods_TestingIOSApp_TestingIOSAppUITests.framework */ = {isa = PBXFileReference; explicitFileType = wrapper.framework; includeInIndex = 0; path = Pods_TestingIOSApp_TestingIOSAppUITests.framework; sourceTree = BUILT_PRODUCTS_DIR; };
		2FED497BA0F2EF3D2492E45F /* Pods-TestingIOSApp-TestingIOSAppUITests.debug.xcconfig */ = {isa = PBXFileReference; includeInIndex = 1; lastKnownFileType = text.xcconfig; name = "Pods-TestingIOSApp-TestingIOSAppUITests.debug.xcconfig"; path = "Target Support Files/Pods-TestingIOSApp-TestingIOSAppUITests/Pods-TestingIOSApp-TestingIOSAppUITests.debug.xcconfig"; sourceTree = "<group>"; };
		5595CF83E5AA7D6D48BFC016 /* Pods-TestingIOSApp.release.xcconfig */ = {isa = PBXFileReference; includeInIndex = 1; lastKnownFileType = text.xcconfig; name = "Pods-TestingIOSApp.release.xcconfig"; path = "Target Support Files/Pods-TestingIOSApp/Pods-TestingIOSApp.release.xcconfig"; sourceTree = "<group>"; };
		57D4417B106E44C69238E055 /* Pods-TestingIOSAppTests.release.xcconfig */ = {isa = PBXFileReference; includeInIndex = 1; lastKnownFileType = text.xcconfig; name = "Pods-TestingIOSAppTests.release.xcconfig"; path = "Target Support Files/Pods-TestingIOSAppTests/Pods-TestingIOSAppTests.release.xcconfig"; sourceTree = "<group>"; };
		589919D7A2E0E442C1DBF7D1 /* Pods-TestingIOSApp-TestingIOSAppUITests.release.xcconfig */ = {isa = PBXFileReference; includeInIndex = 1; lastKnownFileType = text.xcconfig; name = "Pods-TestingIOSApp-TestingIOSAppUITests.release.xcconfig"; path = "Target Support Files/Pods-TestingIOSApp-TestingIOSAppUITests/Pods-TestingIOSApp-TestingIOSAppUITests.release.xcconfig"; sourceTree = "<group>"; };
		7109D9580A17D08233EC983F /* Pods_TestingIOSApp.framework */ = {isa = PBXFileReference; explicitFileType = wrapper.framework; includeInIndex = 0; path = Pods_TestingIOSApp.framework; sourceTree = BUILT_PRODUCTS_DIR; };
		917B8C8FA5515BA9D6B6F23D /* Pods-TestingIOSApp.debug.xcconfig */ = {isa = PBXFileReference; includeInIndex = 1; lastKnownFileType = text.xcconfig; name = "Pods-TestingIOSApp.debug.xcconfig"; path = "Target Support Files/Pods-TestingIOSApp/Pods-TestingIOSApp.debug.xcconfig"; sourceTree = "<group>"; };
		9604C44267443413CD3C91E4 /* Pods-TestingIOSAppTests.debug.xcconfig */ = {isa = PBXFileReference; includeInIndex = 1; lastKnownFileType = text.xcconfig; name = "Pods-TestingIOSAppTests.debug.xcconfig"; path = "Target Support Files/Pods-TestingIOSAppTests/Pods-TestingIOSAppTests.debug.xcconfig"; sourceTree = "<group>"; };
		B83B7B00942D08B6E96E445D /* Pods_TestingIOSAppTests.framework */ = {isa = PBXFileReference; explicitFileType = wrapper.framework; includeInIndex = 0; path = Pods_TestingIOSAppTests.framework; sourceTree = BUILT_PRODUCTS_DIR; };
/* End PBXFileReference section */

/* Begin PBXFrameworksBuildPhase section */
		19204CD429E469E5007CD6BB /* Frameworks */ = {
			isa = PBXFrameworksBuildPhase;
			buildActionMask = 2147483647;
			files = (
				19A3151729E611EA00612E9F /* Kingfisher in Frameworks */,
				1971D51D29E49B40005205B5 /* Alamofire in Frameworks */,
				1971D52029E49B53005205B5 /* Lottie in Frameworks */,
				6F0C496C1349EA34D37A3110 /* Pods_TestingIOSApp.framework in Frameworks */,
			);
			runOnlyForDeploymentPostprocessing = 0;
		};
		19204CE529E469E6007CD6BB /* Frameworks */ = {
			isa = PBXFrameworksBuildPhase;
			buildActionMask = 2147483647;
			files = (
				7D8026DF1C94C6C8E4D5DF84 /* Pods_TestingIOSAppTests.framework in Frameworks */,
			);
			runOnlyForDeploymentPostprocessing = 0;
		};
		19204CEF29E469E7007CD6BB /* Frameworks */ = {
			isa = PBXFrameworksBuildPhase;
			buildActionMask = 2147483647;
			files = (
				C3529FF9FEDDB8FF5C2EBD6D /* Pods_TestingIOSApp_TestingIOSAppUITests.framework in Frameworks */,
			);
			runOnlyForDeploymentPostprocessing = 0;
		};
/* End PBXFrameworksBuildPhase section */

/* Begin PBXGroup section */
		19204CCE29E469E5007CD6BB = {
			isa = PBXGroup;
			children = (
				19204CD929E469E5007CD6BB /* TestingIOSApp */,
				19204CEB29E469E7007CD6BB /* TestingIOSAppTests */,
				19204CF529E469E7007CD6BB /* TestingIOSAppUITests */,
				19204CD829E469E5007CD6BB /* Products */,
				62B1AD5D92FB80F2A32204A6 /* Pods */,
				E04E1092AF2C1DA10A4BF068 /* Frameworks */,
			);
			sourceTree = "<group>";
		};
		19204CD829E469E5007CD6BB /* Products */ = {
			isa = PBXGroup;
			children = (
				19204CD729E469E5007CD6BB /* TestingIOSApp.app */,
				19204CE829E469E6007CD6BB /* TestingIOSAppTests.xctest */,
				19204CF229E469E7007CD6BB /* TestingIOSAppUITests.xctest */,
			);
			name = Products;
			sourceTree = "<group>";
		};
		19204CD929E469E5007CD6BB /* TestingIOSApp */ = {
			isa = PBXGroup;
			children = (
				1971D52129E49CD2005205B5 /* TestingIOSAppApp.swift */,
				19204CE029E469E6007CD6BB /* TestingIOSApp.entitlements */,
				1971D4FB29E494DE005205B5 /* SplashScreenView.swift */,
				1971D4FA29E494DE005205B5 /* MainView.swift */,
				19A3151B29E61AF800612E9F /* Constants */,
				1971D50C29E497D5005205B5 /* Modules */,
				1971D50629E49763005205B5 /* Assets */,
				19204CE129E469E6007CD6BB /* Preview Content */,
			);
			path = TestingIOSApp;
			sourceTree = "<group>";
		};
		19204CE129E469E6007CD6BB /* Preview Content */ = {
			isa = PBXGroup;
			children = (
				19204CE229E469E6007CD6BB /* Preview Assets.xcassets */,
			);
			path = "Preview Content";
			sourceTree = "<group>";
		};
		19204CEB29E469E7007CD6BB /* TestingIOSAppTests */ = {
			isa = PBXGroup;
			children = (
				19204CEC29E469E7007CD6BB /* TestingIOSAppTests.swift */,
			);
			path = TestingIOSAppTests;
			sourceTree = "<group>";
		};
		19204CF529E469E7007CD6BB /* TestingIOSAppUITests */ = {
			isa = PBXGroup;
			children = (
				19204CF629E469E7007CD6BB /* TestingIOSAppUITests.swift */,
				19204CF829E469E7007CD6BB /* TestingIOSAppUITestsLaunchTests.swift */,
			);
			path = TestingIOSAppUITests;
			sourceTree = "<group>";
		};
		196C269429E68CF500F6DBFB /* Modifiers */ = {
			isa = PBXGroup;
			children = (
				196C269529E68D1F00F6DBFB /* ViewExtension.swift */,
			);
			path = Modifiers;
			sourceTree = "<group>";
		};
		1971D50629E49763005205B5 /* Assets */ = {
			isa = PBXGroup;
			children = (
				19204CDE29E469E6007CD6BB /* Assets.xcassets */,
				1971D50929E4979D005205B5 /* Lottie */,
			);
			path = Assets;
			sourceTree = "<group>";
		};
		1971D50929E4979D005205B5 /* Lottie */ = {
			isa = PBXGroup;
			children = (
				196C269D29E692AE00F6DBFB /* loader4.json */,
				196C269B29E692A700F6DBFB /* loader3.json */,
				196C269929E6929F00F6DBFB /* loader2.json */,
				196C269729E68E6D00F6DBFB /* loader.json */,
				1971D50A29E497B8005205B5 /* planets.json */,
			);
			path = Lottie;
			sourceTree = "<group>";
		};
		1971D50C29E497D5005205B5 /* Modules */ = {
			isa = PBXGroup;
			children = (
				1971D50D29E497DA005205B5 /* Alamofire */,
				1971D50E29E497DF005205B5 /* Lottie */,
				196C269429E68CF500F6DBFB /* Modifiers */,
				1971D50F29E497E2005205B5 /* Navigation */,
				19A3151229E60C3600612E9F /* RandomUser */,
			);
			path = Modules;
			sourceTree = "<group>";
		};
		1971D50D29E497DA005205B5 /* Alamofire */ = {
			isa = PBXGroup;
			children = (
				1971D51029E497F5005205B5 /* CallingAnAPI.swift */,
				196C269229E6592700F6DBFB /* CustomInterceptor.swift */,
			);
			path = Alamofire;
			sourceTree = "<group>";
		};
		1971D50E29E497DF005205B5 /* Lottie */ = {
			isa = PBXGroup;
			children = (
				1971D51529E498B5005205B5 /* LottieView.swift */,
			);
			path = Lottie;
			sourceTree = "<group>";
		};
		1971D50F29E497E2005205B5 /* Navigation */ = {
			isa = PBXGroup;
			children = (
				1971D51729E498BB005205B5 /* NavigationManagerView.swift */,
				1971D51929E498BE005205B5 /* NavigationRoutes.swift */,
			);
			path = Navigation;
			sourceTree = "<group>";
		};
		19A3151229E60C3600612E9F /* RandomUser */ = {
			isa = PBXGroup;
			children = (
				19A3151329E60C5000612E9F /* RandomUserView.swift */,
				19A3151929E612B300612E9F /* RandomUserViewModel.swift */,
				1971D51329E49802005205B5 /* RandomUserModel.swift */,
			);
			path = RandomUser;
			sourceTree = "<group>";
		};
		19A3151B29E61AF800612E9F /* Constants */ = {
			isa = PBXGroup;
			children = (
				1971D4FD29E494DE005205B5 /* EnvironmentConstants.swift */,
				19A3151C29E61B1300612E9F /* RandomUserConstants.swift */,
			);
			path = Constants;
			sourceTree = "<group>";
		};
		62B1AD5D92FB80F2A32204A6 /* Pods */ = {
			isa = PBXGroup;
			children = (
				917B8C8FA5515BA9D6B6F23D /* Pods-TestingIOSApp.debug.xcconfig */,
				5595CF83E5AA7D6D48BFC016 /* Pods-TestingIOSApp.release.xcconfig */,
				2FED497BA0F2EF3D2492E45F /* Pods-TestingIOSApp-TestingIOSAppUITests.debug.xcconfig */,
				589919D7A2E0E442C1DBF7D1 /* Pods-TestingIOSApp-TestingIOSAppUITests.release.xcconfig */,
				9604C44267443413CD3C91E4 /* Pods-TestingIOSAppTests.debug.xcconfig */,
				57D4417B106E44C69238E055 /* Pods-TestingIOSAppTests.release.xcconfig */,
			);
			name = Pods;
			path = Pods;
			sourceTree = "<group>";
		};
		E04E1092AF2C1DA10A4BF068 /* Frameworks */ = {
			isa = PBXGroup;
			children = (
				7109D9580A17D08233EC983F /* Pods_TestingIOSApp.framework */,
				210507FDAA16929A631CF6E6 /* Pods_TestingIOSApp_TestingIOSAppUITests.framework */,
				B83B7B00942D08B6E96E445D /* Pods_TestingIOSAppTests.framework */,
			);
			name = Frameworks;
			sourceTree = "<group>";
		};
/* End PBXGroup section */

/* Begin PBXNativeTarget section */
		19204CD629E469E5007CD6BB /* TestingIOSApp */ = {
			isa = PBXNativeTarget;
			buildConfigurationList = 19204CFC29E469E7007CD6BB /* Build configuration list for PBXNativeTarget "TestingIOSApp" */;
			buildPhases = (
				D566635EB4B53819C8AFF835 /* [CP] Check Pods Manifest.lock */,
				19204CD329E469E5007CD6BB /* Sources */,
				19204CD429E469E5007CD6BB /* Frameworks */,
				19204CD529E469E5007CD6BB /* Resources */,
				19A3151F29E61CFC00612E9F /* ShellScript */,
				E421B6B71ED69FBDF2515526 /* [CP] Embed Pods Frameworks */,
			);
			buildRules = (
			);
			dependencies = (
			);
			name = TestingIOSApp;
			packageProductDependencies = (
				1971D51C29E49B40005205B5 /* Alamofire */,
				1971D51F29E49B53005205B5 /* Lottie */,
				19A3151629E611EA00612E9F /* Kingfisher */,
			);
			productName = TestingIOSApp;
			productReference = 19204CD729E469E5007CD6BB /* TestingIOSApp.app */;
			productType = "com.apple.product-type.application";
		};
		19204CE729E469E6007CD6BB /* TestingIOSAppTests */ = {
			isa = PBXNativeTarget;
			buildConfigurationList = 19204CFF29E469E7007CD6BB /* Build configuration list for PBXNativeTarget "TestingIOSAppTests" */;
			buildPhases = (
				0AB5EB6E94F5A48773950C9C /* [CP] Check Pods Manifest.lock */,
				19204CE429E469E6007CD6BB /* Sources */,
				19204CE529E469E6007CD6BB /* Frameworks */,
				19204CE629E469E6007CD6BB /* Resources */,
			);
			buildRules = (
			);
			dependencies = (
				19204CEA29E469E6007CD6BB /* PBXTargetDependency */,
			);
			name = TestingIOSAppTests;
			productName = TestingIOSAppTests;
			productReference = 19204CE829E469E6007CD6BB /* TestingIOSAppTests.xctest */;
			productType = "com.apple.product-type.bundle.unit-test";
		};
		19204CF129E469E7007CD6BB /* TestingIOSAppUITests */ = {
			isa = PBXNativeTarget;
			buildConfigurationList = 19204D0229E469E7007CD6BB /* Build configuration list for PBXNativeTarget "TestingIOSAppUITests" */;
			buildPhases = (
				7DA309323C9531A7E94E30E1 /* [CP] Check Pods Manifest.lock */,
				19204CEE29E469E7007CD6BB /* Sources */,
				19204CEF29E469E7007CD6BB /* Frameworks */,
				19204CF029E469E7007CD6BB /* Resources */,
				46710F7029E2A977F927078C /* [CP] Embed Pods Frameworks */,
			);
			buildRules = (
			);
			dependencies = (
				19204CF429E469E7007CD6BB /* PBXTargetDependency */,
			);
			name = TestingIOSAppUITests;
			productName = TestingIOSAppUITests;
			productReference = 19204CF229E469E7007CD6BB /* TestingIOSAppUITests.xctest */;
			productType = "com.apple.product-type.bundle.ui-testing";
		};
/* End PBXNativeTarget section */

/* Begin PBXProject section */
		19204CCF29E469E5007CD6BB /* Project object */ = {
			isa = PBXProject;
			attributes = {
				BuildIndependentTargetsInParallel = 1;
				LastSwiftUpdateCheck = 1430;
				LastUpgradeCheck = 1430;
				TargetAttributes = {
					19204CD629E469E5007CD6BB = {
						CreatedOnToolsVersion = 14.3;
					};
					19204CE729E469E6007CD6BB = {
						CreatedOnToolsVersion = 14.3;
						TestTargetID = 19204CD629E469E5007CD6BB;
					};
					19204CF129E469E7007CD6BB = {
						CreatedOnToolsVersion = 14.3;
						TestTargetID = 19204CD629E469E5007CD6BB;
					};
				};
			};
			buildConfigurationList = 19204CD229E469E5007CD6BB /* Build configuration list for PBXProject "TestingIOSApp" */;
			compatibilityVersion = "Xcode 14.0";
			developmentRegion = en;
			hasScannedForEncodings = 0;
			knownRegions = (
				en,
				Base,
			);
			mainGroup = 19204CCE29E469E5007CD6BB;
			packageReferences = (
				1971D51B29E49B40005205B5 /* XCRemoteSwiftPackageReference "Alamofire.git" */,
				1971D51E29E49B53005205B5 /* XCRemoteSwiftPackageReference "lottie-spm.git" */,
				19A3151529E611EA00612E9F /* XCRemoteSwiftPackageReference "Kingfisher.git" */,
			);
			productRefGroup = 19204CD829E469E5007CD6BB /* Products */;
			projectDirPath = "";
			projectRoot = "";
			targets = (
				19204CD629E469E5007CD6BB /* TestingIOSApp */,
				19204CE729E469E6007CD6BB /* TestingIOSAppTests */,
				19204CF129E469E7007CD6BB /* TestingIOSAppUITests */,
			);
		};
/* End PBXProject section */

/* Begin PBXResourcesBuildPhase section */
		19204CD529E469E5007CD6BB /* Resources */ = {
			isa = PBXResourcesBuildPhase;
			buildActionMask = 2147483647;
			files = (
				196C269A29E6929F00F6DBFB /* loader2.json in Resources */,
				19204CE329E469E6007CD6BB /* Preview Assets.xcassets in Resources */,
				196C269C29E692A700F6DBFB /* loader3.json in Resources */,
				196C269829E68E6D00F6DBFB /* loader.json in Resources */,
				19204CDF29E469E6007CD6BB /* Assets.xcassets in Resources */,
				1971D50B29E497B8005205B5 /* planets.json in Resources */,
				196C269E29E692AE00F6DBFB /* loader4.json in Resources */,
			);
			runOnlyForDeploymentPostprocessing = 0;
		};
		19204CE629E469E6007CD6BB /* Resources */ = {
			isa = PBXResourcesBuildPhase;
			buildActionMask = 2147483647;
			files = (
			);
			runOnlyForDeploymentPostprocessing = 0;
		};
		19204CF029E469E7007CD6BB /* Resources */ = {
			isa = PBXResourcesBuildPhase;
			buildActionMask = 2147483647;
			files = (
			);
			runOnlyForDeploymentPostprocessing = 0;
		};
/* End PBXResourcesBuildPhase section */

/* Begin PBXShellScriptBuildPhase section */
		0AB5EB6E94F5A48773950C9C /* [CP] Check Pods Manifest.lock */ = {
			isa = PBXShellScriptBuildPhase;
			buildActionMask = 2147483647;
			files = (
			);
			inputFileListPaths = (
			);
			inputPaths = (
				"${PODS_PODFILE_DIR_PATH}/Podfile.lock",
				"${PODS_ROOT}/Manifest.lock",
			);
			name = "[CP] Check Pods Manifest.lock";
			outputFileListPaths = (
			);
			outputPaths = (
				"$(DERIVED_FILE_DIR)/Pods-TestingIOSAppTests-checkManifestLockResult.txt",
			);
			runOnlyForDeploymentPostprocessing = 0;
			shellPath = /bin/sh;
			shellScript = "diff \"${PODS_PODFILE_DIR_PATH}/Podfile.lock\" \"${PODS_ROOT}/Manifest.lock\" > /dev/null\nif [ $? != 0 ] ; then\n    # print error to STDERR\n    echo \"error: The sandbox is not in sync with the Podfile.lock. Run 'pod install' or update your CocoaPods installation.\" >&2\n    exit 1\nfi\n# This output is used by Xcode 'outputs' to avoid re-running this script phase.\necho \"SUCCESS\" > \"${SCRIPT_OUTPUT_FILE_0}\"\n";
			showEnvVarsInLog = 0;
		};
		19A3151F29E61CFC00612E9F /* ShellScript */ = {
			isa = PBXShellScriptBuildPhase;
			alwaysOutOfDate = 1;
			buildActionMask = 2147483647;
			files = (
			);
			inputFileListPaths = (
			);
			inputPaths = (
			);
			outputFileListPaths = (
			);
			outputPaths = (
			);
			runOnlyForDeploymentPostprocessing = 0;
			shellPath = /bin/sh;
			shellScript = "# Type a script or drag a script file from your workspace to insert its path.\nswiftlint\n";
		};
		46710F7029E2A977F927078C /* [CP] Embed Pods Frameworks */ = {
			isa = PBXShellScriptBuildPhase;
			buildActionMask = 2147483647;
			files = (
			);
			inputFileListPaths = (
				"${PODS_ROOT}/Target Support Files/Pods-TestingIOSApp-TestingIOSAppUITests/Pods-TestingIOSApp-TestingIOSAppUITests-frameworks-${CONFIGURATION}-input-files.xcfilelist",
			);
			name = "[CP] Embed Pods Frameworks";
			outputFileListPaths = (
				"${PODS_ROOT}/Target Support Files/Pods-TestingIOSApp-TestingIOSAppUITests/Pods-TestingIOSApp-TestingIOSAppUITests-frameworks-${CONFIGURATION}-output-files.xcfilelist",
			);
			runOnlyForDeploymentPostprocessing = 0;
			shellPath = /bin/sh;
			shellScript = "\"${PODS_ROOT}/Target Support Files/Pods-TestingIOSApp-TestingIOSAppUITests/Pods-TestingIOSApp-TestingIOSAppUITests-frameworks.sh\"\n";
			showEnvVarsInLog = 0;
		};
		7DA309323C9531A7E94E30E1 /* [CP] Check Pods Manifest.lock */ = {
			isa = PBXShellScriptBuildPhase;
			buildActionMask = 2147483647;
			files = (
			);
			inputFileListPaths = (
			);
			inputPaths = (
				"${PODS_PODFILE_DIR_PATH}/Podfile.lock",
				"${PODS_ROOT}/Manifest.lock",
			);
			name = "[CP] Check Pods Manifest.lock";
			outputFileListPaths = (
			);
			outputPaths = (
				"$(DERIVED_FILE_DIR)/Pods-TestingIOSApp-TestingIOSAppUITests-checkManifestLockResult.txt",
			);
			runOnlyForDeploymentPostprocessing = 0;
			shellPath = /bin/sh;
			shellScript = "diff \"${PODS_PODFILE_DIR_PATH}/Podfile.lock\" \"${PODS_ROOT}/Manifest.lock\" > /dev/null\nif [ $? != 0 ] ; then\n    # print error to STDERR\n    echo \"error: The sandbox is not in sync with the Podfile.lock. Run 'pod install' or update your CocoaPods installation.\" >&2\n    exit 1\nfi\n# This output is used by Xcode 'outputs' to avoid re-running this script phase.\necho \"SUCCESS\" > \"${SCRIPT_OUTPUT_FILE_0}\"\n";
			showEnvVarsInLog = 0;
		};
		D566635EB4B53819C8AFF835 /* [CP] Check Pods Manifest.lock */ = {
			isa = PBXShellScriptBuildPhase;
			buildActionMask = 2147483647;
			files = (
			);
			inputFileListPaths = (
			);
			inputPaths = (
				"${PODS_PODFILE_DIR_PATH}/Podfile.lock",
				"${PODS_ROOT}/Manifest.lock",
			);
			name = "[CP] Check Pods Manifest.lock";
			outputFileListPaths = (
			);
			outputPaths = (
				"$(DERIVED_FILE_DIR)/Pods-TestingIOSApp-checkManifestLockResult.txt",
			);
			runOnlyForDeploymentPostprocessing = 0;
			shellPath = /bin/sh;
			shellScript = "diff \"${PODS_PODFILE_DIR_PATH}/Podfile.lock\" \"${PODS_ROOT}/Manifest.lock\" > /dev/null\nif [ $? != 0 ] ; then\n    # print error to STDERR\n    echo \"error: The sandbox is not in sync with the Podfile.lock. Run 'pod install' or update your CocoaPods installation.\" >&2\n    exit 1\nfi\n# This output is used by Xcode 'outputs' to avoid re-running this script phase.\necho \"SUCCESS\" > \"${SCRIPT_OUTPUT_FILE_0}\"\n";
			showEnvVarsInLog = 0;
		};
		E421B6B71ED69FBDF2515526 /* [CP] Embed Pods Frameworks */ = {
			isa = PBXShellScriptBuildPhase;
			buildActionMask = 2147483647;
			files = (
			);
			inputFileListPaths = (
				"${PODS_ROOT}/Target Support Files/Pods-TestingIOSApp/Pods-TestingIOSApp-frameworks-${CONFIGURATION}-input-files.xcfilelist",
			);
			name = "[CP] Embed Pods Frameworks";
			outputFileListPaths = (
				"${PODS_ROOT}/Target Support Files/Pods-TestingIOSApp/Pods-TestingIOSApp-frameworks-${CONFIGURATION}-output-files.xcfilelist",
			);
			runOnlyForDeploymentPostprocessing = 0;
			shellPath = /bin/sh;
			shellScript = "\"${PODS_ROOT}/Target Support Files/Pods-TestingIOSApp/Pods-TestingIOSApp-frameworks.sh\"\n";
			showEnvVarsInLog = 0;
		};
/* End PBXShellScriptBuildPhase section */

/* Begin PBXSourcesBuildPhase section */
		19204CD329E469E5007CD6BB /* Sources */ = {
			isa = PBXSourcesBuildPhase;
			buildActionMask = 2147483647;
			files = (
				1971D52229E49CD6005205B5 /* TestingIOSAppApp.swift in Sources */,
				19A3151D29E61B1300612E9F /* RandomUserConstants.swift in Sources */,
				1971D50329E494DE005205B5 /* EnvironmentConstants.swift in Sources */,
				19A3151429E60C5000612E9F /* RandomUserView.swift in Sources */,
				1971D51A29E498BE005205B5 /* NavigationRoutes.swift in Sources */,
				1971D51429E49802005205B5 /* RandomUserModel.swift in Sources */,
				1971D50029E494DE005205B5 /* MainView.swift in Sources */,
				1971D51829E498BB005205B5 /* NavigationManagerView.swift in Sources */,
				19A3151A29E612B300612E9F /* RandomUserViewModel.swift in Sources */,
				1971D51629E498B5005205B5 /* LottieView.swift in Sources */,
				196C269629E68D1F00F6DBFB /* ViewExtension.swift in Sources */,
				1971D51129E497F5005205B5 /* CallingAnAPI.swift in Sources */,
				196C269329E6592700F6DBFB /* CustomInterceptor.swift in Sources */,
				1971D50129E494DE005205B5 /* SplashScreenView.swift in Sources */,
			);
			runOnlyForDeploymentPostprocessing = 0;
		};
		19204CE429E469E6007CD6BB /* Sources */ = {
			isa = PBXSourcesBuildPhase;
			buildActionMask = 2147483647;
			files = (
				19204CED29E469E7007CD6BB /* TestingIOSAppTests.swift in Sources */,
			);
			runOnlyForDeploymentPostprocessing = 0;
		};
		19204CEE29E469E7007CD6BB /* Sources */ = {
			isa = PBXSourcesBuildPhase;
			buildActionMask = 2147483647;
			files = (
				19204CF729E469E7007CD6BB /* TestingIOSAppUITests.swift in Sources */,
				19204CF929E469E7007CD6BB /* TestingIOSAppUITestsLaunchTests.swift in Sources */,
			);
			runOnlyForDeploymentPostprocessing = 0;
		};
/* End PBXSourcesBuildPhase section */

/* Begin PBXTargetDependency section */
		19204CEA29E469E6007CD6BB /* PBXTargetDependency */ = {
			isa = PBXTargetDependency;
			target = 19204CD629E469E5007CD6BB /* TestingIOSApp */;
			targetProxy = 19204CE929E469E6007CD6BB /* PBXContainerItemProxy */;
		};
		19204CF429E469E7007CD6BB /* PBXTargetDependency */ = {
			isa = PBXTargetDependency;
			target = 19204CD629E469E5007CD6BB /* TestingIOSApp */;
			targetProxy = 19204CF329E469E7007CD6BB /* PBXContainerItemProxy */;
		};
/* End PBXTargetDependency section */

/* Begin XCBuildConfiguration section */
		19204CFA29E469E7007CD6BB /* Debug */ = {
			isa = XCBuildConfiguration;
			buildSettings = {
				ALWAYS_SEARCH_USER_PATHS = NO;
				CLANG_ANALYZER_NONNULL = YES;
				CLANG_ANALYZER_NUMBER_OBJECT_CONVERSION = YES_AGGRESSIVE;
				CLANG_CXX_LANGUAGE_STANDARD = "gnu++20";
				CLANG_ENABLE_MODULES = YES;
				CLANG_ENABLE_OBJC_ARC = YES;
				CLANG_ENABLE_OBJC_WEAK = YES;
				CLANG_WARN_BLOCK_CAPTURE_AUTORELEASING = YES;
				CLANG_WARN_BOOL_CONVERSION = YES;
				CLANG_WARN_COMMA = YES;
				CLANG_WARN_CONSTANT_CONVERSION = YES;
				CLANG_WARN_DEPRECATED_OBJC_IMPLEMENTATIONS = YES;
				CLANG_WARN_DIRECT_OBJC_ISA_USAGE = YES_ERROR;
				CLANG_WARN_DOCUMENTATION_COMMENTS = YES;
				CLANG_WARN_EMPTY_BODY = YES;
				CLANG_WARN_ENUM_CONVERSION = YES;
				CLANG_WARN_INFINITE_RECURSION = YES;
				CLANG_WARN_INT_CONVERSION = YES;
				CLANG_WARN_NON_LITERAL_NULL_CONVERSION = YES;
				CLANG_WARN_OBJC_IMPLICIT_RETAIN_SELF = YES;
				CLANG_WARN_OBJC_LITERAL_CONVERSION = YES;
				CLANG_WARN_OBJC_ROOT_CLASS = YES_ERROR;
				CLANG_WARN_QUOTED_INCLUDE_IN_FRAMEWORK_HEADER = YES;
				CLANG_WARN_RANGE_LOOP_ANALYSIS = YES;
				CLANG_WARN_STRICT_PROTOTYPES = YES;
				CLANG_WARN_SUSPICIOUS_MOVE = YES;
				CLANG_WARN_UNGUARDED_AVAILABILITY = YES_AGGRESSIVE;
				CLANG_WARN_UNREACHABLE_CODE = YES;
				CLANG_WARN__DUPLICATE_METHOD_MATCH = YES;
				COPY_PHASE_STRIP = NO;
				DEBUG_INFORMATION_FORMAT = dwarf;
				ENABLE_STRICT_OBJC_MSGSEND = YES;
				ENABLE_TESTABILITY = YES;
				GCC_C_LANGUAGE_STANDARD = gnu11;
				GCC_DYNAMIC_NO_PIC = NO;
				GCC_NO_COMMON_BLOCKS = YES;
				GCC_OPTIMIZATION_LEVEL = 0;
				GCC_PREPROCESSOR_DEFINITIONS = (
					"DEBUG=1",
					"$(inherited)",
				);
				GCC_WARN_64_TO_32_BIT_CONVERSION = YES;
				GCC_WARN_ABOUT_RETURN_TYPE = YES_ERROR;
				GCC_WARN_UNDECLARED_SELECTOR = YES;
				GCC_WARN_UNINITIALIZED_AUTOS = YES_AGGRESSIVE;
				GCC_WARN_UNUSED_FUNCTION = YES;
				GCC_WARN_UNUSED_VARIABLE = YES;
				MTL_ENABLE_DEBUG_INFO = INCLUDE_SOURCE;
				MTL_FAST_MATH = YES;
				ONLY_ACTIVE_ARCH = YES;
				SWIFT_ACTIVE_COMPILATION_CONDITIONS = DEBUG;
				SWIFT_OPTIMIZATION_LEVEL = "-Onone";
			};
			name = Debug;
		};
		19204CFB29E469E7007CD6BB /* Release */ = {
			isa = XCBuildConfiguration;
			buildSettings = {
				ALWAYS_SEARCH_USER_PATHS = NO;
				CLANG_ANALYZER_NONNULL = YES;
				CLANG_ANALYZER_NUMBER_OBJECT_CONVERSION = YES_AGGRESSIVE;
				CLANG_CXX_LANGUAGE_STANDARD = "gnu++20";
				CLANG_ENABLE_MODULES = YES;
				CLANG_ENABLE_OBJC_ARC = YES;
				CLANG_ENABLE_OBJC_WEAK = YES;
				CLANG_WARN_BLOCK_CAPTURE_AUTORELEASING = YES;
				CLANG_WARN_BOOL_CONVERSION = YES;
				CLANG_WARN_COMMA = YES;
				CLANG_WARN_CONSTANT_CONVERSION = YES;
				CLANG_WARN_DEPRECATED_OBJC_IMPLEMENTATIONS = YES;
				CLANG_WARN_DIRECT_OBJC_ISA_USAGE = YES_ERROR;
				CLANG_WARN_DOCUMENTATION_COMMENTS = YES;
				CLANG_WARN_EMPTY_BODY = YES;
				CLANG_WARN_ENUM_CONVERSION = YES;
				CLANG_WARN_INFINITE_RECURSION = YES;
				CLANG_WARN_INT_CONVERSION = YES;
				CLANG_WARN_NON_LITERAL_NULL_CONVERSION = YES;
				CLANG_WARN_OBJC_IMPLICIT_RETAIN_SELF = YES;
				CLANG_WARN_OBJC_LITERAL_CONVERSION = YES;
				CLANG_WARN_OBJC_ROOT_CLASS = YES_ERROR;
				CLANG_WARN_QUOTED_INCLUDE_IN_FRAMEWORK_HEADER = YES;
				CLANG_WARN_RANGE_LOOP_ANALYSIS = YES;
				CLANG_WARN_STRICT_PROTOTYPES = YES;
				CLANG_WARN_SUSPICIOUS_MOVE = YES;
				CLANG_WARN_UNGUARDED_AVAILABILITY = YES_AGGRESSIVE;
				CLANG_WARN_UNREACHABLE_CODE = YES;
				CLANG_WARN__DUPLICATE_METHOD_MATCH = YES;
				COPY_PHASE_STRIP = NO;
				DEBUG_INFORMATION_FORMAT = "dwarf-with-dsym";
				ENABLE_NS_ASSERTIONS = NO;
				ENABLE_STRICT_OBJC_MSGSEND = YES;
				GCC_C_LANGUAGE_STANDARD = gnu11;
				GCC_NO_COMMON_BLOCKS = YES;
				GCC_WARN_64_TO_32_BIT_CONVERSION = YES;
				GCC_WARN_ABOUT_RETURN_TYPE = YES_ERROR;
				GCC_WARN_UNDECLARED_SELECTOR = YES;
				GCC_WARN_UNINITIALIZED_AUTOS = YES_AGGRESSIVE;
				GCC_WARN_UNUSED_FUNCTION = YES;
				GCC_WARN_UNUSED_VARIABLE = YES;
				MTL_ENABLE_DEBUG_INFO = NO;
				MTL_FAST_MATH = YES;
				SWIFT_COMPILATION_MODE = wholemodule;
				SWIFT_OPTIMIZATION_LEVEL = "-O";
			};
			name = Release;
		};
		19204CFD29E469E7007CD6BB /* Debug */ = {
			isa = XCBuildConfiguration;
			baseConfigurationReference = 917B8C8FA5515BA9D6B6F23D /* Pods-TestingIOSApp.debug.xcconfig */;
			buildSettings = {
				ASSETCATALOG_COMPILER_APPICON_NAME = AppIcon;
				ASSETCATALOG_COMPILER_GLOBAL_ACCENT_COLOR_NAME = AccentColor;
				CODE_SIGN_ENTITLEMENTS = TestingIOSApp/TestingIOSApp.entitlements;
				CODE_SIGN_STYLE = Automatic;
				CURRENT_PROJECT_VERSION = 1;
				DEVELOPMENT_ASSET_PATHS = "\"TestingIOSApp/Preview Content\"";
				DEVELOPMENT_TEAM = 6W648Y39HX;
				ENABLE_HARDENED_RUNTIME = YES;
				ENABLE_PREVIEWS = YES;
				GENERATE_INFOPLIST_FILE = YES;
				"INFOPLIST_KEY_UIApplicationSceneManifest_Generation[sdk=iphoneos*]" = YES;
				"INFOPLIST_KEY_UIApplicationSceneManifest_Generation[sdk=iphonesimulator*]" = YES;
				"INFOPLIST_KEY_UIApplicationSupportsIndirectInputEvents[sdk=iphoneos*]" = YES;
				"INFOPLIST_KEY_UIApplicationSupportsIndirectInputEvents[sdk=iphonesimulator*]" = YES;
				"INFOPLIST_KEY_UILaunchScreen_Generation[sdk=iphoneos*]" = YES;
				"INFOPLIST_KEY_UILaunchScreen_Generation[sdk=iphonesimulator*]" = YES;
				"INFOPLIST_KEY_UIStatusBarStyle[sdk=iphoneos*]" = UIStatusBarStyleDefault;
				"INFOPLIST_KEY_UIStatusBarStyle[sdk=iphonesimulator*]" = UIStatusBarStyleDefault;
				INFOPLIST_KEY_UISupportedInterfaceOrientations_iPad = "UIInterfaceOrientationPortrait UIInterfaceOrientationPortraitUpsideDown UIInterfaceOrientationLandscapeLeft UIInterfaceOrientationLandscapeRight";
				INFOPLIST_KEY_UISupportedInterfaceOrientations_iPhone = "UIInterfaceOrientationPortrait UIInterfaceOrientationLandscapeLeft UIInterfaceOrientationLandscapeRight";
				IPHONEOS_DEPLOYMENT_TARGET = 16.0;
				LD_RUNPATH_SEARCH_PATHS = "@executable_path/Frameworks";
				"LD_RUNPATH_SEARCH_PATHS[sdk=macosx*]" = "@executable_path/../Frameworks";
				MACOSX_DEPLOYMENT_TARGET = 13.0;
				MARKETING_VERSION = 1.0;
				PRODUCT_BUNDLE_IDENTIFIER = com.roncuevas.TestingIOSApp;
				PRODUCT_NAME = "$(TARGET_NAME)";
				SDKROOT = auto;
				SUPPORTED_PLATFORMS = "iphoneos iphonesimulator macosx";
				SWIFT_EMIT_LOC_STRINGS = YES;
				SWIFT_VERSION = 5.0;
				TARGETED_DEVICE_FAMILY = "1,2";
			};
			name = Debug;
		};
		19204CFE29E469E7007CD6BB /* Release */ = {
			isa = XCBuildConfiguration;
			baseConfigurationReference = 5595CF83E5AA7D6D48BFC016 /* Pods-TestingIOSApp.release.xcconfig */;
			buildSettings = {
				ASSETCATALOG_COMPILER_APPICON_NAME = AppIcon;
				ASSETCATALOG_COMPILER_GLOBAL_ACCENT_COLOR_NAME = AccentColor;
				CODE_SIGN_ENTITLEMENTS = TestingIOSApp/TestingIOSApp.entitlements;
				CODE_SIGN_STYLE = Automatic;
				CURRENT_PROJECT_VERSION = 1;
				DEVELOPMENT_ASSET_PATHS = "\"TestingIOSApp/Preview Content\"";
				DEVELOPMENT_TEAM = 6W648Y39HX;
				ENABLE_HARDENED_RUNTIME = YES;
				ENABLE_PREVIEWS = YES;
				GENERATE_INFOPLIST_FILE = YES;
				"INFOPLIST_KEY_UIApplicationSceneManifest_Generation[sdk=iphoneos*]" = YES;
				"INFOPLIST_KEY_UIApplicationSceneManifest_Generation[sdk=iphonesimulator*]" = YES;
				"INFOPLIST_KEY_UIApplicationSupportsIndirectInputEvents[sdk=iphoneos*]" = YES;
				"INFOPLIST_KEY_UIApplicationSupportsIndirectInputEvents[sdk=iphonesimulator*]" = YES;
				"INFOPLIST_KEY_UILaunchScreen_Generation[sdk=iphoneos*]" = YES;
				"INFOPLIST_KEY_UILaunchScreen_Generation[sdk=iphonesimulator*]" = YES;
				"INFOPLIST_KEY_UIStatusBarStyle[sdk=iphoneos*]" = UIStatusBarStyleDefault;
				"INFOPLIST_KEY_UIStatusBarStyle[sdk=iphonesimulator*]" = UIStatusBarStyleDefault;
				INFOPLIST_KEY_UISupportedInterfaceOrientations_iPad = "UIInterfaceOrientationPortrait UIInterfaceOrientationPortraitUpsideDown UIInterfaceOrientationLandscapeLeft UIInterfaceOrientationLandscapeRight";
				INFOPLIST_KEY_UISupportedInterfaceOrientations_iPhone = "UIInterfaceOrientationPortrait UIInterfaceOrientationLandscapeLeft UIInterfaceOrientationLandscapeRight";
				IPHONEOS_DEPLOYMENT_TARGET = 16.0;
				LD_RUNPATH_SEARCH_PATHS = "@executable_path/Frameworks";
				"LD_RUNPATH_SEARCH_PATHS[sdk=macosx*]" = "@executable_path/../Frameworks";
				MACOSX_DEPLOYMENT_TARGET = 13.0;
				MARKETING_VERSION = 1.0;
				PRODUCT_BUNDLE_IDENTIFIER = com.roncuevas.TestingIOSApp;
				PRODUCT_NAME = "$(TARGET_NAME)";
				SDKROOT = auto;
				SUPPORTED_PLATFORMS = "iphoneos iphonesimulator macosx";
				SWIFT_EMIT_LOC_STRINGS = YES;
				SWIFT_VERSION = 5.0;
				TARGETED_DEVICE_FAMILY = "1,2";
			};
			name = Release;
		};
		19204D0029E469E7007CD6BB /* Debug */ = {
			isa = XCBuildConfiguration;
			baseConfigurationReference = 9604C44267443413CD3C91E4 /* Pods-TestingIOSAppTests.debug.xcconfig */;
			buildSettings = {
				ALWAYS_EMBED_SWIFT_STANDARD_LIBRARIES = YES;
				BUNDLE_LOADER = "$(TEST_HOST)";
				CODE_SIGN_STYLE = Automatic;
				CURRENT_PROJECT_VERSION = 1;
				DEVELOPMENT_TEAM = 6W648Y39HX;
				GENERATE_INFOPLIST_FILE = YES;
				IPHONEOS_DEPLOYMENT_TARGET = 16.4;
				MACOSX_DEPLOYMENT_TARGET = 13.3;
				MARKETING_VERSION = 1.0;
				PRODUCT_BUNDLE_IDENTIFIER = com.roncuevas.TestingIOSAppTests;
				PRODUCT_NAME = "$(TARGET_NAME)";
				SDKROOT = auto;
				SUPPORTED_PLATFORMS = "iphoneos iphonesimulator macosx";
				SWIFT_EMIT_LOC_STRINGS = NO;
				SWIFT_VERSION = 5.0;
				TARGETED_DEVICE_FAMILY = "1,2";
				TEST_HOST = "$(BUILT_PRODUCTS_DIR)/TestingIOSApp.app/$(BUNDLE_EXECUTABLE_FOLDER_PATH)/TestingIOSApp";
			};
			name = Debug;
		};
		19204D0129E469E7007CD6BB /* Release */ = {
			isa = XCBuildConfiguration;
			baseConfigurationReference = 57D4417B106E44C69238E055 /* Pods-TestingIOSAppTests.release.xcconfig */;
			buildSettings = {
				ALWAYS_EMBED_SWIFT_STANDARD_LIBRARIES = YES;
				BUNDLE_LOADER = "$(TEST_HOST)";
				CODE_SIGN_STYLE = Automatic;
				CURRENT_PROJECT_VERSION = 1;
				DEVELOPMENT_TEAM = 6W648Y39HX;
				GENERATE_INFOPLIST_FILE = YES;
				IPHONEOS_DEPLOYMENT_TARGET = 16.4;
				MACOSX_DEPLOYMENT_TARGET = 13.3;
				MARKETING_VERSION = 1.0;
				PRODUCT_BUNDLE_IDENTIFIER = com.roncuevas.TestingIOSAppTests;
				PRODUCT_NAME = "$(TARGET_NAME)";
				SDKROOT = auto;
				SUPPORTED_PLATFORMS = "iphoneos iphonesimulator macosx";
				SWIFT_EMIT_LOC_STRINGS = NO;
				SWIFT_VERSION = 5.0;
				TARGETED_DEVICE_FAMILY = "1,2";
				TEST_HOST = "$(BUILT_PRODUCTS_DIR)/TestingIOSApp.app/$(BUNDLE_EXECUTABLE_FOLDER_PATH)/TestingIOSApp";
			};
			name = Release;
		};
		19204D0329E469E7007CD6BB /* Debug */ = {
			isa = XCBuildConfiguration;
			baseConfigurationReference = 2FED497BA0F2EF3D2492E45F /* Pods-TestingIOSApp-TestingIOSAppUITests.debug.xcconfig */;
			buildSettings = {
				ALWAYS_EMBED_SWIFT_STANDARD_LIBRARIES = YES;
				CODE_SIGN_STYLE = Automatic;
				CURRENT_PROJECT_VERSION = 1;
				DEVELOPMENT_TEAM = 6W648Y39HX;
				GENERATE_INFOPLIST_FILE = YES;
				IPHONEOS_DEPLOYMENT_TARGET = 16.4;
				MACOSX_DEPLOYMENT_TARGET = 13.3;
				MARKETING_VERSION = 1.0;
				PRODUCT_BUNDLE_IDENTIFIER = com.roncuevas.TestingIOSAppUITests;
				PRODUCT_NAME = "$(TARGET_NAME)";
				SDKROOT = auto;
				SUPPORTED_PLATFORMS = "iphoneos iphonesimulator macosx";
				SWIFT_EMIT_LOC_STRINGS = NO;
				SWIFT_VERSION = 5.0;
				TARGETED_DEVICE_FAMILY = "1,2";
				TEST_TARGET_NAME = TestingIOSApp;
			};
			name = Debug;
		};
		19204D0429E469E7007CD6BB /* Release */ = {
			isa = XCBuildConfiguration;
			baseConfigurationReference = 589919D7A2E0E442C1DBF7D1 /* Pods-TestingIOSApp-TestingIOSAppUITests.release.xcconfig */;
			buildSettings = {
				ALWAYS_EMBED_SWIFT_STANDARD_LIBRARIES = YES;
				CODE_SIGN_STYLE = Automatic;
				CURRENT_PROJECT_VERSION = 1;
				DEVELOPMENT_TEAM = 6W648Y39HX;
				GENERATE_INFOPLIST_FILE = YES;
				IPHONEOS_DEPLOYMENT_TARGET = 16.4;
				MACOSX_DEPLOYMENT_TARGET = 13.3;
				MARKETING_VERSION = 1.0;
				PRODUCT_BUNDLE_IDENTIFIER = com.roncuevas.TestingIOSAppUITests;
				PRODUCT_NAME = "$(TARGET_NAME)";
				SDKROOT = auto;
				SUPPORTED_PLATFORMS = "iphoneos iphonesimulator macosx";
				SWIFT_EMIT_LOC_STRINGS = NO;
				SWIFT_VERSION = 5.0;
				TARGETED_DEVICE_FAMILY = "1,2";
				TEST_TARGET_NAME = TestingIOSApp;
			};
			name = Release;
		};
/* End XCBuildConfiguration section */

/* Begin XCConfigurationList section */
		19204CD229E469E5007CD6BB /* Build configuration list for PBXProject "TestingIOSApp" */ = {
			isa = XCConfigurationList;
			buildConfigurations = (
				19204CFA29E469E7007CD6BB /* Debug */,
				19204CFB29E469E7007CD6BB /* Release */,
			);
			defaultConfigurationIsVisible = 0;
			defaultConfigurationName = Release;
		};
		19204CFC29E469E7007CD6BB /* Build configuration list for PBXNativeTarget "TestingIOSApp" */ = {
			isa = XCConfigurationList;
			buildConfigurations = (
				19204CFD29E469E7007CD6BB /* Debug */,
				19204CFE29E469E7007CD6BB /* Release */,
			);
			defaultConfigurationIsVisible = 0;
			defaultConfigurationName = Release;
		};
		19204CFF29E469E7007CD6BB /* Build configuration list for PBXNativeTarget "TestingIOSAppTests" */ = {
			isa = XCConfigurationList;
			buildConfigurations = (
				19204D0029E469E7007CD6BB /* Debug */,
				19204D0129E469E7007CD6BB /* Release */,
			);
			defaultConfigurationIsVisible = 0;
			defaultConfigurationName = Release;
		};
		19204D0229E469E7007CD6BB /* Build configuration list for PBXNativeTarget "TestingIOSAppUITests" */ = {
			isa = XCConfigurationList;
			buildConfigurations = (
				19204D0329E469E7007CD6BB /* Debug */,
				19204D0429E469E7007CD6BB /* Release */,
			);
			defaultConfigurationIsVisible = 0;
			defaultConfigurationName = Release;
		};
/* End XCConfigurationList section */

/* Begin XCRemoteSwiftPackageReference section */
		1971D51B29E49B40005205B5 /* XCRemoteSwiftPackageReference "Alamofire.git" */ = {
			isa = XCRemoteSwiftPackageReference;
			repositoryURL = "https://github.com/Alamofire/Alamofire.git";
			requirement = {
				kind = upToNextMajorVersion;
				minimumVersion = 5.0.0;
			};
		};
		1971D51E29E49B53005205B5 /* XCRemoteSwiftPackageReference "lottie-spm.git" */ = {
			isa = XCRemoteSwiftPackageReference;
			repositoryURL = "https://github.com/airbnb/lottie-spm.git";
			requirement = {
				kind = upToNextMajorVersion;
				minimumVersion = 4.0.0;
			};
		};
		19A3151529E611EA00612E9F /* XCRemoteSwiftPackageReference "Kingfisher.git" */ = {
			isa = XCRemoteSwiftPackageReference;
			repositoryURL = "https://github.com/onevcat/Kingfisher.git";
			requirement = {
				kind = upToNextMajorVersion;
				minimumVersion = 7.0.0;
			};
		};
/* End XCRemoteSwiftPackageReference section */

/* Begin XCSwiftPackageProductDependency section */
		1971D51C29E49B40005205B5 /* Alamofire */ = {
			isa = XCSwiftPackageProductDependency;
			package = 1971D51B29E49B40005205B5 /* XCRemoteSwiftPackageReference "Alamofire.git" */;
			productName = Alamofire;
		};
		1971D51F29E49B53005205B5 /* Lottie */ = {
			isa = XCSwiftPackageProductDependency;
			package = 1971D51E29E49B53005205B5 /* XCRemoteSwiftPackageReference "lottie-spm.git" */;
			productName = Lottie;
		};
		19A3151629E611EA00612E9F /* Kingfisher */ = {
			isa = XCSwiftPackageProductDependency;
			package = 19A3151529E611EA00612E9F /* XCRemoteSwiftPackageReference "Kingfisher.git" */;
			productName = Kingfisher;
		};
/* End XCSwiftPackageProductDependency section */
	};
	rootObject = 19204CCF29E469E5007CD6BB /* Project object */;
}
